
Microsoft Visual Studio Solution File, Format Version 12.00
# Visual Studio Version 17
VisualStudioVersion = 17.3.32901.215
MinimumVisualStudioVersion = 10.0.40219.1
Project("{FAE04EC0-301F-11D3-BF4B-00C04F79EFBC}") = "IndependentWork17", "IndependentWork17\IndependentWork17.csproj", "{FFF93C0E-EEAD-429D-82E5-0069E2398807}"
EndProject
Global
	GlobalSection(SolutionConfigurationPlatforms) = preSolution
		Debug|Any CPU = Debug|Any CPU
		Release|Any CPU = Release|Any CPU
	EndGlobalSection
	GlobalSection(ProjectConfigurationPlatforms) = postSolution
		{FFF93C0E-EEAD-429D-82E5-0069E2398807}.Debug|Any CPU.ActiveCfg = Debug|Any CPU
		{FFF93C0E-EEAD-429D-82E5-0069E2398807}.Debug|Any CPU.Build.0 = Debug|Any CPU
		{FFF93C0E-EEAD-429D-82E5-0069E2398807}.Release|Any CPU.ActiveCfg = Release|Any CPU
		{FFF93C0E-EEAD-429D-82E5-0069E2398807}.Release|Any CPU.Build.0 = Release|Any CPU
	EndGlobalSection
	GlobalSection(SolutionProperties) = preSolution
		HideSolutionNode = FALSE
	EndGlobalSection
	GlobalSection(ExtensibilityGlobals) = postSolution
		SolutionGuid = {B74C8772-E41B-4748-A93C-4A78616C89CB}
	EndGlobalSection
EndGlobal
